
Microsoft Visual Studio Solution File, Format Version 12.00
# Visual Studio 2012
Project("{FAE04EC0-301F-11D3-BF4B-00C04F79EFBC}") = "Fluxly.Forms", "Fluxly.Forms\Fluxly.Forms.csproj", "{2D7C4A6E-4AD2-4653-BB77-8EB6892314E7}"
EndProject
Project("{FAE04EC0-301F-11D3-BF4B-00C04F79EFBC}") = "Fluxly.Forms.iOS", "iOS\Fluxly.Forms.iOS.csproj", "{7ED57A9B-7F74-4D2F-AF1F-BF72F4602F7E}"
EndProject
Project("{FAE04EC0-301F-11D3-BF4B-00C04F79EFBC}") = "Fluxly.Forms.Droid", "Droid\Fluxly.Forms.Droid.csproj", "{39A64007-2B7C-485C-8D88-14FBE0DC2B27}"
EndProject
Global
	GlobalSection(SolutionConfigurationPlatforms) = preSolution
		Debug|Any CPU = Debug|Any CPU
		Release|Any CPU = Release|Any CPU
		Debug|iPhoneSimulator = Debug|iPhoneSimulator
		Release|iPhone = Release|iPhone
		Release|iPhoneSimulator = Release|iPhoneSimulator
		Debug|iPhone = Debug|iPhone
	EndGlobalSection
	GlobalSection(ProjectConfigurationPlatforms) = postSolution
		{2D7C4A6E-4AD2-4653-BB77-8EB6892314E7}.Debug|Any CPU.ActiveCfg = Debug|Any CPU
		{2D7C4A6E-4AD2-4653-BB77-8EB6892314E7}.Debug|Any CPU.Build.0 = Debug|Any CPU
		{2D7C4A6E-4AD2-4653-BB77-8EB6892314E7}.Release|Any CPU.ActiveCfg = Release|Any CPU
		{2D7C4A6E-4AD2-4653-BB77-8EB6892314E7}.Release|Any CPU.Build.0 = Release|Any CPU
		{2D7C4A6E-4AD2-4653-BB77-8EB6892314E7}.Debug|iPhoneSimulator.ActiveCfg = Debug|Any CPU
		{2D7C4A6E-4AD2-4653-BB77-8EB6892314E7}.Debug|iPhoneSimulator.Build.0 = Debug|Any CPU
		{2D7C4A6E-4AD2-4653-BB77-8EB6892314E7}.Release|iPhone.ActiveCfg = Release|Any CPU
		{2D7C4A6E-4AD2-4653-BB77-8EB6892314E7}.Release|iPhone.Build.0 = Release|Any CPU
		{2D7C4A6E-4AD2-4653-BB77-8EB6892314E7}.Release|iPhoneSimulator.ActiveCfg = Release|Any CPU
		{2D7C4A6E-4AD2-4653-BB77-8EB6892314E7}.Release|iPhoneSimulator.Build.0 = Release|Any CPU
		{2D7C4A6E-4AD2-4653-BB77-8EB6892314E7}.Debug|iPhone.ActiveCfg = Debug|Any CPU
		{2D7C4A6E-4AD2-4653-BB77-8EB6892314E7}.Debug|iPhone.Build.0 = Debug|Any CPU
		{7ED57A9B-7F74-4D2F-AF1F-BF72F4602F7E}.Debug|Any CPU.ActiveCfg = Debug|iPhoneSimulator
		{7ED57A9B-7F74-4D2F-AF1F-BF72F4602F7E}.Debug|Any CPU.Build.0 = Debug|iPhoneSimulator
		{7ED57A9B-7F74-4D2F-AF1F-BF72F4602F7E}.Release|Any CPU.ActiveCfg = Release|iPhone
		{7ED57A9B-7F74-4D2F-AF1F-BF72F4602F7E}.Release|Any CPU.Build.0 = Release|iPhone
		{7ED57A9B-7F74-4D2F-AF1F-BF72F4602F7E}.Debug|iPhoneSimulator.ActiveCfg = Debug|iPhoneSimulator
		{7ED57A9B-7F74-4D2F-AF1F-BF72F4602F7E}.Debug|iPhoneSimulator.Build.0 = Debug|iPhoneSimulator
		{7ED57A9B-7F74-4D2F-AF1F-BF72F4602F7E}.Release|iPhone.ActiveCfg = Release|iPhone
		{7ED57A9B-7F74-4D2F-AF1F-BF72F4602F7E}.Release|iPhone.Build.0 = Release|iPhone
		{7ED57A9B-7F74-4D2F-AF1F-BF72F4602F7E}.Release|iPhoneSimulator.ActiveCfg = Release|iPhoneSimulator
		{7ED57A9B-7F74-4D2F-AF1F-BF72F4602F7E}.Release|iPhoneSimulator.Build.0 = Release|iPhoneSimulator
		{7ED57A9B-7F74-4D2F-AF1F-BF72F4602F7E}.Debug|iPhone.ActiveCfg = Debug|iPhone
		{7ED57A9B-7F74-4D2F-AF1F-BF72F4602F7E}.Debug|iPhone.Build.0 = Debug|iPhone
		{39A64007-2B7C-485C-8D88-14FBE0DC2B27}.Debug|Any CPU.ActiveCfg = Debug|Any CPU
		{39A64007-2B7C-485C-8D88-14FBE0DC2B27}.Debug|Any CPU.Build.0 = Debug|Any CPU
		{39A64007-2B7C-485C-8D88-14FBE0DC2B27}.Release|Any CPU.ActiveCfg = Release|Any CPU
		{39A64007-2B7C-485C-8D88-14FBE0DC2B27}.Release|Any CPU.Build.0 = Release|Any CPU
		{39A64007-2B7C-485C-8D88-14FBE0DC2B27}.Debug|iPhoneSimulator.ActiveCfg = Debug|Any CPU
		{39A64007-2B7C-485C-8D88-14FBE0DC2B27}.Debug|iPhoneSimulator.Build.0 = Debug|Any CPU
		{39A64007-2B7C-485C-8D88-14FBE0DC2B27}.Release|iPhone.ActiveCfg = Release|Any CPU
		{39A64007-2B7C-485C-8D88-14FBE0DC2B27}.Release|iPhone.Build.0 = Release|Any CPU
		{39A64007-2B7C-485C-8D88-14FBE0DC2B27}.Release|iPhoneSimulator.ActiveCfg = Release|Any CPU
		{39A64007-2B7C-485C-8D88-14FBE0DC2B27}.Release|iPhoneSimulator.Build.0 = Release|Any CPU
		{39A64007-2B7C-485C-8D88-14FBE0DC2B27}.Debug|iPhone.ActiveCfg = Debug|Any CPU
		{39A64007-2B7C-485C-8D88-14FBE0DC2B27}.Debug|iPhone.Build.0 = Debug|Any CPU
	EndGlobalSection
EndGlobal
